
Microsoft Visual Studio Solution File, Format Version 12.00
# Visual Studio Version 17
VisualStudioVersion = 17.5.002.0
MinimumVisualStudioVersion = 10.0.40219.1
Project("{9A19103F-16F7-4668-BE54-9A1E7A4F7556}") = "MyFirstApi", "MyFirstApi.csproj", "{A5DDA97F-BEC6-4DE3-BA42-23B0D08D016D}"
EndProject
Global
	GlobalSection(SolutionConfigurationPlatforms) = preSolution
		Debug|Any CPU = Debug|Any CPU
		Release|Any CPU = Release|Any CPU
	EndGlobalSection
	GlobalSection(ProjectConfigurationPlatforms) = postSolution
		{A5DDA97F-BEC6-4DE3-BA42-23B0D08D016D}.Debug|Any CPU.ActiveCfg = Debug|Any CPU
		{A5DDA97F-BEC6-4DE3-BA42-23B0D08D016D}.Debug|Any CPU.Build.0 = Debug|Any CPU
		{A5DDA97F-BEC6-4DE3-BA42-23B0D08D016D}.Release|Any CPU.ActiveCfg = Release|Any CPU
		{A5DDA97F-BEC6-4DE3-BA42-23B0D08D016D}.Release|Any CPU.Build.0 = Release|Any CPU
	EndGlobalSection
	GlobalSection(SolutionProperties) = preSolution
		HideSolutionNode = FALSE
	EndGlobalSection
	GlobalSection(ExtensibilityGlobals) = postSolution
		SolutionGuid = {BBB74C8D-B85D-4A60-A95A-EB09B4950C8C}
	EndGlobalSection
EndGlobal
